// !$*UTF8*$!
{
	archiveVersion = 1;
	classes = {
	};
	objectVersion = 46;
	objects = {

/* Begin PBXBuildFile section */
		34B327731C6477F70097617B /* AppDelegate.m in Sources */ = {isa = PBXBuildFile; fileRef = 34B327591C6477F70097617B /* AppDelegate.m */; };
		34B327741C6477F70097617B /* main.m in Sources */ = {isa = PBXBuildFile; fileRef = 34B3275B1C6477F70097617B /* main.m */; };
		34B327751C6477F70097617B /* ViewController.m in Sources */ = {isa = PBXBuildFile; fileRef = 34B3275D1C6477F70097617B /* ViewController.m */; };
		34B3277C1C6477F70097617B /* DPShirt.m in Sources */ = {isa = PBXBuildFile; fileRef = 34B3276D1C6477F70097617B /* DPShirt.m */; };
		34B3277D1C6477F70097617B /* DPSTestData.m in Sources */ = {isa = PBXBuildFile; fileRef = 34B3276F1C6477F70097617B /* DPSTestData.m */; };
		34B3277E1C6477F70097617B /* DPSProbability.m in Sources */ = {isa = PBXBuildFile; fileRef = 34B327721C6477F70097617B /* DPSProbability.m */; };
		34B327831C6478B60097617B /* Info.plist in Resources */ = {isa = PBXBuildFile; fileRef = 34B327821C6478B60097617B /* Info.plist */; };
		34B3278E1C647BF80097617B /* DPSGoal.m in Sources */ = {isa = PBXBuildFile; fileRef = 34B327851C647BF80097617B /* DPSGoal.m */; };
		34B3278F1C647BF80097617B /* DPSMatch.m in Sources */ = {isa = PBXBuildFile; fileRef = 34B327871C647BF80097617B /* DPSMatch.m */; };
		34B327901C647BF80097617B /* DPSMatchResult.m in Sources */ = {isa = PBXBuildFile; fileRef = 34B327891C647BF80097617B /* DPSMatchResult.m */; };
		34B327911C647BF80097617B /* DPSPlayer.m in Sources */ = {isa = PBXBuildFile; fileRef = 34B3278B1C647BF80097617B /* DPSPlayer.m */; };
		34B327921C647BF80097617B /* DPSPlayerName.m in Sources */ = {isa = PBXBuildFile; fileRef = 34B3278D1C647BF80097617B /* DPSPlayerName.m */; };
		34E779F71C64E89900C3681D /* DPSClub.m in Sources */ = {isa = PBXBuildFile; fileRef = 34E779F61C64E89900C3681D /* DPSClub.m */; };
		34FFC63E1B871E7C0029E141 /* Main.storyboard in Resources */ = {isa = PBXBuildFile; fileRef = 34FFC63C1B871E7C0029E141 /* Main.storyboard */; };
		34FFC6401B871E7C0029E141 /* Images.xcassets in Resources */ = {isa = PBXBuildFile; fileRef = 34FFC63F1B871E7C0029E141 /* Images.xcassets */; };
		34FFC6431B871E7C0029E141 /* LaunchScreen.xib in Resources */ = {isa = PBXBuildFile; fileRef = 34FFC6411B871E7C0029E141 /* LaunchScreen.xib */; };
		34FFC64F1B871E7C0029E141 /* DaProSoLTests.m in Sources */ = {isa = PBXBuildFile; fileRef = 34FFC64E1B871E7C0029E141 /* DaProSoLTests.m */; };
/* End PBXBuildFile section */

/* Begin PBXContainerItemProxy section */
		34FFC6491B871E7C0029E141 /* PBXContainerItemProxy */ = {
			isa = PBXContainerItemProxy;
			containerPortal = 34FFC6271B871E7C0029E141 /* Project object */;
			proxyType = 1;
			remoteGlobalIDString = 34FFC62E1B871E7C0029E141;
			remoteInfo = DaProSoL;
		};
/* End PBXContainerItemProxy section */

/* Begin PBXFileReference section */
		34B327541C6477E40097617B /* PrefixHeader.pch */ = {isa = PBXFileReference; fileEncoding = 4; lastKnownFileType = sourcecode.c.h; name = PrefixHeader.pch; path = Other/PrefixHeader.pch; sourceTree = "<group>"; };
		34B327581C6477F70097617B /* AppDelegate.h */ = {isa = PBXFileReference; fileEncoding = 4; lastKnownFileType = sourcecode.c.h; path = AppDelegate.h; sourceTree = "<group>"; };
		34B327591C6477F70097617B /* AppDelegate.m */ = {isa = PBXFileReference; fileEncoding = 4; lastKnownFileType = sourcecode.c.objc; path = AppDelegate.m; sourceTree = "<group>"; };
		34B3275A1C6477F70097617B /* DPSConstant.h */ = {isa = PBXFileReference; fileEncoding = 4; lastKnownFileType = sourcecode.c.h; path = DPSConstant.h; sourceTree = "<group>"; };
		34B3275B1C6477F70097617B /* main.m */ = {isa = PBXFileReference; fileEncoding = 4; lastKnownFileType = sourcecode.c.objc; path = main.m; sourceTree = "<group>"; };
		34B3275C1C6477F70097617B /* ViewController.h */ = {isa = PBXFileReference; fileEncoding = 4; lastKnownFileType = sourcecode.c.h; path = ViewController.h; sourceTree = "<group>"; };
		34B3275D1C6477F70097617B /* ViewController.m */ = {isa = PBXFileReference; fileEncoding = 4; lastKnownFileType = sourcecode.c.objc; path = ViewController.m; sourceTree = "<group>"; };
		34B3276C1C6477F70097617B /* DPShirt.h */ = {isa = PBXFileReference; fileEncoding = 4; lastKnownFileType = sourcecode.c.h; path = DPShirt.h; sourceTree = "<group>"; };
		34B3276D1C6477F70097617B /* DPShirt.m */ = {isa = PBXFileReference; fileEncoding = 4; lastKnownFileType = sourcecode.c.objc; path = DPShirt.m; sourceTree = "<group>"; };
		34B3276E1C6477F70097617B /* DPSTestData.h */ = {isa = PBXFileReference; fileEncoding = 4; lastKnownFileType = sourcecode.c.h; path = DPSTestData.h; sourceTree = "<group>"; };
		34B3276F1C6477F70097617B /* DPSTestData.m */ = {isa = PBXFileReference; fileEncoding = 4; lastKnownFileType = sourcecode.c.objc; path = DPSTestData.m; sourceTree = "<group>"; };
		34B327711C6477F70097617B /* DPSProbability.h */ = {isa = PBXFileReference; fileEncoding = 4; lastKnownFileType = sourcecode.c.h; path = DPSProbability.h; sourceTree = "<group>"; };
		34B327721C6477F70097617B /* DPSProbability.m */ = {isa = PBXFileReference; fileEncoding = 4; lastKnownFileType = sourcecode.c.objc; path = DPSProbability.m; sourceTree = "<group>"; };
		34B327821C6478B60097617B /* Info.plist */ = {isa = PBXFileReference; fileEncoding = 4; lastKnownFileType = text.plist.xml; path = Info.plist; sourceTree = "<group>"; };
		34B327841C647BF80097617B /* DPSGoal.h */ = {isa = PBXFileReference; fileEncoding = 4; lastKnownFileType = sourcecode.c.h; path = DPSGoal.h; sourceTree = "<group>"; };
		34B327851C647BF80097617B /* DPSGoal.m */ = {isa = PBXFileReference; fileEncoding = 4; lastKnownFileType = sourcecode.c.objc; path = DPSGoal.m; sourceTree = "<group>"; };
		34B327861C647BF80097617B /* DPSMatch.h */ = {isa = PBXFileReference; fileEncoding = 4; lastKnownFileType = sourcecode.c.h; path = DPSMatch.h; sourceTree = "<group>"; };
		34B327871C647BF80097617B /* DPSMatch.m */ = {isa = PBXFileReference; fileEncoding = 4; lastKnownFileType = sourcecode.c.objc; path = DPSMatch.m; sourceTree = "<group>"; };
		34B327881C647BF80097617B /* DPSMatchResult.h */ = {isa = PBXFileReference; fileEncoding = 4; lastKnownFileType = sourcecode.c.h; path = DPSMatchResult.h; sourceTree = "<group>"; };
		34B327891C647BF80097617B /* DPSMatchResult.m */ = {isa = PBXFileReference; fileEncoding = 4; lastKnownFileType = sourcecode.c.objc; path = DPSMatchResult.m; sourceTree = "<group>"; };
		34B3278A1C647BF80097617B /* DPSPlayer.h */ = {isa = PBXFileReference; fileEncoding = 4; lastKnownFileType = sourcecode.c.h; path = DPSPlayer.h; sourceTree = "<group>"; };
		34B3278B1C647BF80097617B /* DPSPlayer.m */ = {isa = PBXFileReference; fileEncoding = 4; lastKnownFileType = sourcecode.c.objc; path = DPSPlayer.m; sourceTree = "<group>"; };
		34B3278C1C647BF80097617B /* DPSPlayerName.h */ = {isa = PBXFileReference; fileEncoding = 4; lastKnownFileType = sourcecode.c.h; path = DPSPlayerName.h; sourceTree = "<group>"; };
		34B3278D1C647BF80097617B /* DPSPlayerName.m */ = {isa = PBXFileReference; fileEncoding = 4; lastKnownFileType = sourcecode.c.objc; path = DPSPlayerName.m; sourceTree = "<group>"; };
		34E779F51C64E89900C3681D /* DPSClub.h */ = {isa = PBXFileReference; fileEncoding = 4; lastKnownFileType = sourcecode.c.h; path = DPSClub.h; sourceTree = "<group>"; };
		34E779F61C64E89900C3681D /* DPSClub.m */ = {isa = PBXFileReference; fileEncoding = 4; lastKnownFileType = sourcecode.c.objc; path = DPSClub.m; sourceTree = "<group>"; };
		34FFC62F1B871E7C0029E141 /* DaProSoL.app */ = {isa = PBXFileReference; explicitFileType = wrapper.application; includeInIndex = 0; path = DaProSoL.app; sourceTree = BUILT_PRODUCTS_DIR; };
		34FFC63D1B871E7C0029E141 /* Base */ = {isa = PBXFileReference; lastKnownFileType = file.storyboard; name = Base; path = Base.lproj/Main.storyboard; sourceTree = "<group>"; };
		34FFC63F1B871E7C0029E141 /* Images.xcassets */ = {isa = PBXFileReference; lastKnownFileType = folder.assetcatalog; path = Images.xcassets; sourceTree = "<group>"; };
		34FFC6421B871E7C0029E141 /* Base */ = {isa = PBXFileReference; lastKnownFileType = file.xib; name = Base; path = Base.lproj/LaunchScreen.xib; sourceTree = "<group>"; };
		34FFC6481B871E7C0029E141 /* DaProSoLTests.xctest */ = {isa = PBXFileReference; explicitFileType = wrapper.cfbundle; includeInIndex = 0; path = DaProSoLTests.xctest; sourceTree = BUILT_PRODUCTS_DIR; };
		34FFC64D1B871E7C0029E141 /* Info.plist */ = {isa = PBXFileReference; lastKnownFileType = text.plist.xml; path = Info.plist; sourceTree = "<group>"; };
		34FFC64E1B871E7C0029E141 /* DaProSoLTests.m */ = {isa = PBXFileReference; lastKnownFileType = sourcecode.c.objc; path = DaProSoLTests.m; sourceTree = "<group>"; };
/* End PBXFileReference section */

/* Begin PBXFrameworksBuildPhase section */
		34FFC62C1B871E7C0029E141 /* Frameworks */ = {
			isa = PBXFrameworksBuildPhase;
			buildActionMask = 2147483647;
			files = (
			);
			runOnlyForDeploymentPostprocessing = 0;
		};
		34FFC6451B871E7C0029E141 /* Frameworks */ = {
			isa = PBXFrameworksBuildPhase;
			buildActionMask = 2147483647;
			files = (
			);
			runOnlyForDeploymentPostprocessing = 0;
		};
/* End PBXFrameworksBuildPhase section */

/* Begin PBXGroup section */
		34B327561C6477F70097617B /* Main */ = {
			isa = PBXGroup;
			children = (
				34B327571C6477F70097617B /* Main */,
				34B3275E1C6477F70097617B /* Models */,
				34B3275F1C6477F70097617B /* Temp */,
				34B327701C6477F70097617B /* Tools */,
			);
			path = Main;
			sourceTree = "<group>";
		};
		34B327571C6477F70097617B /* Main */ = {
			isa = PBXGroup;
			children = (
				34B3275B1C6477F70097617B /* main.m */,
				34B327581C6477F70097617B /* AppDelegate.h */,
				34B327591C6477F70097617B /* AppDelegate.m */,
				34B3275C1C6477F70097617B /* ViewController.h */,
				34B3275D1C6477F70097617B /* ViewController.m */,
				34B3275A1C6477F70097617B /* DPSConstant.h */,
			);
			path = Main;
			sourceTree = "<group>";
		};
		34B3275E1C6477F70097617B /* Models */ = {
			isa = PBXGroup;
			children = (
				34B327841C647BF80097617B /* DPSGoal.h */,
				34B327851C647BF80097617B /* DPSGoal.m */,
				34B327861C647BF80097617B /* DPSMatch.h */,
				34B327871C647BF80097617B /* DPSMatch.m */,
				34B327881C647BF80097617B /* DPSMatchResult.h */,
				34B327891C647BF80097617B /* DPSMatchResult.m */,
				34B3278A1C647BF80097617B /* DPSPlayer.h */,
				34B3278B1C647BF80097617B /* DPSPlayer.m */,
				34B3278C1C647BF80097617B /* DPSPlayerName.h */,
				34B3278D1C647BF80097617B /* DPSPlayerName.m */,
				34E779F51C64E89900C3681D /* DPSClub.h */,
				34E779F61C64E89900C3681D /* DPSClub.m */,
			);
			path = Models;
			sourceTree = "<group>";
		};
		34B3275F1C6477F70097617B /* Temp */ = {
			isa = PBXGroup;
			children = (
				34B3276C1C6477F70097617B /* DPShirt.h */,
				34B3276D1C6477F70097617B /* DPShirt.m */,
				34B3276E1C6477F70097617B /* DPSTestData.h */,
				34B3276F1C6477F70097617B /* DPSTestData.m */,
			);
			path = Temp;
			sourceTree = "<group>";
		};
		34B327701C6477F70097617B /* Tools */ = {
			isa = PBXGroup;
			children = (
				34B327711C6477F70097617B /* DPSProbability.h */,
				34B327721C6477F70097617B /* DPSProbability.m */,
			);
			path = Tools;
			sourceTree = "<group>";
		};
		34FFC6261B871E7C0029E141 = {
			isa = PBXGroup;
			children = (
				34FFC6311B871E7C0029E141 /* DaProSoL */,
				34FFC64B1B871E7C0029E141 /* DaProSoLTests */,
				34FFC6301B871E7C0029E141 /* Products */,
			);
			sourceTree = "<group>";
		};
		34FFC6301B871E7C0029E141 /* Products */ = {
			isa = PBXGroup;
			children = (
				34FFC62F1B871E7C0029E141 /* DaProSoL.app */,
				34FFC6481B871E7C0029E141 /* DaProSoLTests.xctest */,
			);
			name = Products;
			sourceTree = "<group>";
		};
		34FFC6311B871E7C0029E141 /* DaProSoL */ = {
			isa = PBXGroup;
			children = (
				34B327561C6477F70097617B /* Main */,
				34FFC6321B871E7C0029E141 /* Supporting Files */,
			);
			path = DaProSoL;
			sourceTree = "<group>";
		};
		34FFC6321B871E7C0029E141 /* Supporting Files */ = {
			isa = PBXGroup;
			children = (
				34FFC63C1B871E7C0029E141 /* Main.storyboard */,
				34FFC63F1B871E7C0029E141 /* Images.xcassets */,
				34FFC6411B871E7C0029E141 /* LaunchScreen.xib */,
				34B327821C6478B60097617B /* Info.plist */,
				34B327541C6477E40097617B /* PrefixHeader.pch */,
			);
			name = "Supporting Files";
			sourceTree = "<group>";
		};
		34FFC64B1B871E7C0029E141 /* DaProSoLTests */ = {
			isa = PBXGroup;
			children = (
				34FFC64E1B871E7C0029E141 /* DaProSoLTests.m */,
				34FFC64C1B871E7C0029E141 /* Supporting Files */,
			);
			path = DaProSoLTests;
			sourceTree = "<group>";
		};
		34FFC64C1B871E7C0029E141 /* Supporting Files */ = {
			isa = PBXGroup;
			children = (
				34FFC64D1B871E7C0029E141 /* Info.plist */,
			);
			name = "Supporting Files";
			sourceTree = "<group>";
		};
/* End PBXGroup section */

/* Begin PBXNativeTarget section */
		34FFC62E1B871E7C0029E141 /* DaProSoL */ = {
			isa = PBXNativeTarget;
			buildConfigurationList = 34FFC6521B871E7C0029E141 /* Build configuration list for PBXNativeTarget "DaProSoL" */;
			buildPhases = (
				34FFC62B1B871E7C0029E141 /* Sources */,
				34FFC62C1B871E7C0029E141 /* Frameworks */,
				34FFC62D1B871E7C0029E141 /* Resources */,
			);
			buildRules = (
			);
			dependencies = (
			);
			name = DaProSoL;
			productName = DaProSoL;
			productReference = 34FFC62F1B871E7C0029E141 /* DaProSoL.app */;
			productType = "com.apple.product-type.application";
		};
		34FFC6471B871E7C0029E141 /* DaProSoLTests */ = {
			isa = PBXNativeTarget;
			buildConfigurationList = 34FFC6551B871E7C0029E141 /* Build configuration list for PBXNativeTarget "DaProSoLTests" */;
			buildPhases = (
				34FFC6441B871E7C0029E141 /* Sources */,
				34FFC6451B871E7C0029E141 /* Frameworks */,
				34FFC6461B871E7C0029E141 /* Resources */,
			);
			buildRules = (
			);
			dependencies = (
				34FFC64A1B871E7C0029E141 /* PBXTargetDependency */,
			);
			name = DaProSoLTests;
			productName = DaProSoLTests;
			productReference = 34FFC6481B871E7C0029E141 /* DaProSoLTests.xctest */;
			productType = "com.apple.product-type.bundle.unit-test";
		};
/* End PBXNativeTarget section */

/* Begin PBXProject section */
		34FFC6271B871E7C0029E141 /* Project object */ = {
			isa = PBXProject;
			attributes = {
				LastUpgradeCheck = 0640;
				ORGANIZATIONNAME = ShayneYeorg;
				TargetAttributes = {
					34FFC62E1B871E7C0029E141 = {
						CreatedOnToolsVersion = 6.4;
					};
					34FFC6471B871E7C0029E141 = {
						CreatedOnToolsVersion = 6.4;
						TestTargetID = 34FFC62E1B871E7C0029E141;
					};
				};
			};
			buildConfigurationList = 34FFC62A1B871E7C0029E141 /* Build configuration list for PBXProject "DaProSoL" */;
			compatibilityVersion = "Xcode 3.2";
			developmentRegion = English;
			hasScannedForEncodings = 0;
			knownRegions = (
				en,
				Base,
			);
			mainGroup = 34FFC6261B871E7C0029E141;
			productRefGroup = 34FFC6301B871E7C0029E141 /* Products */;
			projectDirPath = "";
			projectRoot = "";
			targets = (
				34FFC62E1B871E7C0029E141 /* DaProSoL */,
				34FFC6471B871E7C0029E141 /* DaProSoLTests */,
			);
		};
/* End PBXProject section */

/* Begin PBXResourcesBuildPhase section */
		34FFC62D1B871E7C0029E141 /* Resources */ = {
			isa = PBXResourcesBuildPhase;
			buildActionMask = 2147483647;
			files = (
				34B327831C6478B60097617B /* Info.plist in Resources */,
				34FFC63E1B871E7C0029E141 /* Main.storyboard in Resources */,
				34FFC6431B871E7C0029E141 /* LaunchScreen.xib in Resources */,
				34FFC6401B871E7C0029E141 /* Images.xcassets in Resources */,
			);
			runOnlyForDeploymentPostprocessing = 0;
		};
		34FFC6461B871E7C0029E141 /* Resources */ = {
			isa = PBXResourcesBuildPhase;
			buildActionMask = 2147483647;
			files = (
			);
			runOnlyForDeploymentPostprocessing = 0;
		};
/* End PBXResourcesBuildPhase section */

/* Begin PBXSourcesBuildPhase section */
		34FFC62B1B871E7C0029E141 /* Sources */ = {
			isa = PBXSourcesBuildPhase;
			buildActionMask = 2147483647;
			files = (
				34B3278F1C647BF80097617B /* DPSMatch.m in Sources */,
				34B327751C6477F70097617B /* ViewController.m in Sources */,
				34B327741C6477F70097617B /* main.m in Sources */,
				34B3277C1C6477F70097617B /* DPShirt.m in Sources */,
				34B3277D1C6477F70097617B /* DPSTestData.m in Sources */,
				34B327911C647BF80097617B /* DPSPlayer.m in Sources */,
				34B327921C647BF80097617B /* DPSPlayerName.m in Sources */,
				34B327731C6477F70097617B /* AppDelegate.m in Sources */,
				34B3278E1C647BF80097617B /* DPSGoal.m in Sources */,
				34E779F71C64E89900C3681D /* DPSClub.m in Sources */,
				34B327901C647BF80097617B /* DPSMatchResult.m in Sources */,
				34B3277E1C6477F70097617B /* DPSProbability.m in Sources */,
			);
			runOnlyForDeploymentPostprocessing = 0;
		};
		34FFC6441B871E7C0029E141 /* Sources */ = {
			isa = PBXSourcesBuildPhase;
			buildActionMask = 2147483647;
			files = (
				34FFC64F1B871E7C0029E141 /* DaProSoLTests.m in Sources */,
			);
			runOnlyForDeploymentPostprocessing = 0;
		};
/* End PBXSourcesBuildPhase section */

/* Begin PBXTargetDependency section */
		34FFC64A1B871E7C0029E141 /* PBXTargetDependency */ = {
			isa = PBXTargetDependency;
			target = 34FFC62E1B871E7C0029E141 /* DaProSoL */;
			targetProxy = 34FFC6491B871E7C0029E141 /* PBXContainerItemProxy */;
		};
/* End PBXTargetDependency section */

/* Begin PBXVariantGroup section */
		34FFC63C1B871E7C0029E141 /* Main.storyboard */ = {
			isa = PBXVariantGroup;
			children = (
				34FFC63D1B871E7C0029E141 /* Base */,
			);
			name = Main.storyboard;
			sourceTree = "<group>";
		};
		34FFC6411B871E7C0029E141 /* LaunchScreen.xib */ = {
			isa = PBXVariantGroup;
			children = (
				34FFC6421B871E7C0029E141 /* Base */,
			);
			name = LaunchScreen.xib;
			sourceTree = "<group>";
		};
/* End PBXVariantGroup section */

/* Begin XCBuildConfiguration section */
		34FFC6501B871E7C0029E141 /* Debug */ = {
			isa = XCBuildConfiguration;
			buildSettings = {
				ALWAYS_SEARCH_USER_PATHS = NO;
				CLANG_CXX_LANGUAGE_STANDARD = "gnu++0x";
				CLANG_CXX_LIBRARY = "libc++";
				CLANG_ENABLE_MODULES = YES;
				CLANG_ENABLE_OBJC_ARC = YES;
				CLANG_WARN_BOOL_CONVERSION = YES;
				CLANG_WARN_CONSTANT_CONVERSION = YES;
				CLANG_WARN_DIRECT_OBJC_ISA_USAGE = YES_ERROR;
				CLANG_WARN_EMPTY_BODY = YES;
				CLANG_WARN_ENUM_CONVERSION = YES;
				CLANG_WARN_INT_CONVERSION = YES;
				CLANG_WARN_OBJC_ROOT_CLASS = YES_ERROR;
				CLANG_WARN_UNREACHABLE_CODE = YES;
				CLANG_WARN__DUPLICATE_METHOD_MATCH = YES;
				"CODE_SIGN_IDENTITY[sdk=iphoneos*]" = "iPhone Developer";
				COPY_PHASE_STRIP = NO;
				DEBUG_INFORMATION_FORMAT = "dwarf-with-dsym";
				ENABLE_STRICT_OBJC_MSGSEND = YES;
				GCC_C_LANGUAGE_STANDARD = gnu99;
				GCC_DYNAMIC_NO_PIC = NO;
				GCC_NO_COMMON_BLOCKS = YES;
				GCC_OPTIMIZATION_LEVEL = 0;
				GCC_PREPROCESSOR_DEFINITIONS = (
					"DEBUG=1",
					"$(inherited)",
				);
				GCC_SYMBOLS_PRIVATE_EXTERN = NO;
				GCC_WARN_64_TO_32_BIT_CONVERSION = YES;
				GCC_WARN_ABOUT_RETURN_TYPE = YES_ERROR;
				GCC_WARN_UNDECLARED_SELECTOR = YES;
				GCC_WARN_UNINITIALIZED_AUTOS = YES_AGGRESSIVE;
				GCC_WARN_UNUSED_FUNCTION = YES;
				GCC_WARN_UNUSED_VARIABLE = YES;
				IPHONEOS_DEPLOYMENT_TARGET = 8.4;
				MTL_ENABLE_DEBUG_INFO = YES;
				ONLY_ACTIVE_ARCH = YES;
				SDKROOT = iphoneos;
			};
			name = Debug;
		};
		34FFC6511B871E7C0029E141 /* Release */ = {
			isa = XCBuildConfiguration;
			buildSettings = {
				ALWAYS_SEARCH_USER_PATHS = NO;
				CLANG_CXX_LANGUAGE_STANDARD = "gnu++0x";
				CLANG_CXX_LIBRARY = "libc++";
				CLANG_ENABLE_MODULES = YES;
				CLANG_ENABLE_OBJC_ARC = YES;
				CLANG_WARN_BOOL_CONVERSION = YES;
				CLANG_WARN_CONSTANT_CONVERSION = YES;
				CLANG_WARN_DIRECT_OBJC_ISA_USAGE = YES_ERROR;
				CLANG_WARN_EMPTY_BODY = YES;
				CLANG_WARN_ENUM_CONVERSION = YES;
				CLANG_WARN_INT_CONVERSION = YES;
				CLANG_WARN_OBJC_ROOT_CLASS = YES_ERROR;
				CLANG_WARN_UNREACHABLE_CODE = YES;
				CLANG_WARN__DUPLICATE_METHOD_MATCH = YES;
				"CODE_SIGN_IDENTITY[sdk=iphoneos*]" = "iPhone Developer";
				COPY_PHASE_STRIP = NO;
				DEBUG_INFORMATION_FORMAT = "dwarf-with-dsym";
				ENABLE_NS_ASSERTIONS = NO;
				ENABLE_STRICT_OBJC_MSGSEND = YES;
				GCC_C_LANGUAGE_STANDARD = gnu99;
				GCC_NO_COMMON_BLOCKS = YES;
				GCC_WARN_64_TO_32_BIT_CONVERSION = YES;
				GCC_WARN_ABOUT_RETURN_TYPE = YES_ERROR;
				GCC_WARN_UNDECLARED_SELECTOR = YES;
				GCC_WARN_UNINITIALIZED_AUTOS = YES_AGGRESSIVE;
				GCC_WARN_UNUSED_FUNCTION = YES;
				GCC_WARN_UNUSED_VARIABLE = YES;
				IPHONEOS_DEPLOYMENT_TARGET = 8.4;
				MTL_ENABLE_DEBUG_INFO = NO;
				SDKROOT = iphoneos;
				VALIDATE_PRODUCT = YES;
			};
			name = Release;
		};
		34FFC6531B871E7C0029E141 /* Debug */ = {
			isa = XCBuildConfiguration;
			buildSettings = {
				ASSETCATALOG_COMPILER_APPICON_NAME = AppIcon;
				GCC_PRECOMPILE_PREFIX_HEADER = YES;
				GCC_PREFIX_HEADER = "$(SRCROOT)/DaProSoL/Other/PrefixHeader.pch";
				INFOPLIST_FILE = DaProSoL/Info.plist;
				LD_RUNPATH_SEARCH_PATHS = "$(inherited) @executable_path/Frameworks";
				PRODUCT_NAME = "$(TARGET_NAME)";
			};
			name = Debug;
		};
		34FFC6541B871E7C0029E141 /* Release */ = {
			isa = XCBuildConfiguration;
			buildSettings = {
				ASSETCATALOG_COMPILER_APPICON_NAME = AppIcon;
				GCC_PRECOMPILE_PREFIX_HEADER = YES;
				GCC_PREFIX_HEADER = "$(SRCROOT)/DaProSoL/Other/PrefixHeader.pch";
				INFOPLIST_FILE = DaProSoL/Info.plist;
				LD_RUNPATH_SEARCH_PATHS = "$(inherited) @executable_path/Frameworks";
				PRODUCT_NAME = "$(TARGET_NAME)";
			};
			name = Release;
		};
		34FFC6561B871E7C0029E141 /* Debug */ = {
			isa = XCBuildConfiguration;
			buildSettings = {
				BUNDLE_LOADER = "$(TEST_HOST)";
				FRAMEWORK_SEARCH_PATHS = (
					"$(SDKROOT)/Developer/Library/Frameworks",
					"$(inherited)",
				);
				GCC_PREPROCESSOR_DEFINITIONS = (
					"DEBUG=1",
					"$(inherited)",
				);
				INFOPLIST_FILE = DaProSoLTests/Info.plist;
				LD_RUNPATH_SEARCH_PATHS = "$(inherited) @executable_path/Frameworks @loader_path/Frameworks";
				PRODUCT_NAME = "$(TARGET_NAME)";
				TEST_HOST = "$(BUILT_PRODUCTS_DIR)/DaProSoL.app/DaProSoL";
			};
			name = Debug;
		};
		34FFC6571B871E7C0029E141 /* Release */ = {
			isa = XCBuildConfiguration;
			buildSettings = {
				BUNDLE_LOADER = "$(TEST_HOST)";
				FRAMEWORK_SEARCH_PATHS = (
					"$(SDKROOT)/Developer/Library/Frameworks",
					"$(inherited)",
				);
				INFOPLIST_FILE = DaProSoLTests/Info.plist;
				LD_RUNPATH_SEARCH_PATHS = "$(inherited) @executable_path/Frameworks @loader_path/Frameworks";
				PRODUCT_NAME = "$(TARGET_NAME)";
				TEST_HOST = "$(BUILT_PRODUCTS_DIR)/DaProSoL.app/DaProSoL";
			};
			name = Release;
		};
/* End XCBuildConfiguration section */

/* Begin XCConfigurationList section */
		34FFC62A1B871E7C0029E141 /* Build configuration list for PBXProject "DaProSoL" */ = {
			isa = XCConfigurationList;
			buildConfigurations = (
				34FFC6501B871E7C0029E141 /* Debug */,
				34FFC6511B871E7C0029E141 /* Release */,
			);
			defaultConfigurationIsVisible = 0;
			defaultConfigurationName = Release;
		};
		34FFC6521B871E7C0029E141 /* Build configuration list for PBXNativeTarget "DaProSoL" */ = {
			isa = XCConfigurationList;
			buildConfigurations = (
				34FFC6531B871E7C0029E141 /* Debug */,
				34FFC6541B871E7C0029E141 /* Release */,
			);
			defaultConfigurationIsVisible = 0;
			defaultConfigurationName = Release;
		};
		34FFC6551B871E7C0029E141 /* Build configuration list for PBXNativeTarget "DaProSoLTests" */ = {
			isa = XCConfigurationList;
			buildConfigurations = (
				34FFC6561B871E7C0029E141 /* Debug */,
				34FFC6571B871E7C0029E141 /* Release */,
			);
			defaultConfigurationIsVisible = 0;
			defaultConfigurationName = Release;
		};
/* End XCConfigurationList section */
	};
	rootObject = 34FFC6271B871E7C0029E141 /* Project object */;
}
